{
  "requires": true,
  "lockfileVersion": 1,
  "dependencies": {
    "create-next-app": {
      "version": "12.0.2",
      "resolved": "https://registry.npmjs.org/create-next-app/-/create-next-app-12.0.2.tgz",
      "integrity": "sha512-WPrkljVVOCLKIS6hS2B96vI6331DPKIaqUk8wo74qQL3MWuSaieW8uKOihDF49i90j9F1BE9Z3izmuMKcl6GkA=="
    }
  }
}
